
Microsoft Visual Studio Solution File, Format Version 12.00
# Visual Studio Version 17
VisualStudioVersion = 17.10.34916.146
MinimumVisualStudioVersion = 10.0.40219.1
Project("{FAE04EC0-301F-11D3-BF4B-00C04F79EFBC}") = "TPCuatrimestral_EquipoA", "TPCuatrimestral_EquipoA\TPCuatrimestral_EquipoA.csproj", "{9F073566-790C-4B80-AF97-C310F76A540F}"
EndProject
Project("{FAE04EC0-301F-11D3-BF4B-00C04F79EFBC}") = "dominio", "dominio\dominio.csproj", "{7CB2BBF2-F708-4BF2-A2DC-2FBC4D8A61D5}"
EndProject
Project("{FAE04EC0-301F-11D3-BF4B-00C04F79EFBC}") = "negocio", "negocio\negocio.csproj", "{6FD067E8-882B-433C-9591-87B949F70B02}"
EndProject
Global
	GlobalSection(SolutionConfigurationPlatforms) = preSolution
		Debug|Any CPU = Debug|Any CPU
		Release|Any CPU = Release|Any CPU
	EndGlobalSection
	GlobalSection(ProjectConfigurationPlatforms) = postSolution
		{9F073566-790C-4B80-AF97-C310F76A540F}.Debug|Any CPU.ActiveCfg = Debug|Any CPU
		{9F073566-790C-4B80-AF97-C310F76A540F}.Debug|Any CPU.Build.0 = Debug|Any CPU
		{9F073566-790C-4B80-AF97-C310F76A540F}.Release|Any CPU.ActiveCfg = Release|Any CPU
		{9F073566-790C-4B80-AF97-C310F76A540F}.Release|Any CPU.Build.0 = Release|Any CPU
		{7CB2BBF2-F708-4BF2-A2DC-2FBC4D8A61D5}.Debug|Any CPU.ActiveCfg = Debug|Any CPU
		{7CB2BBF2-F708-4BF2-A2DC-2FBC4D8A61D5}.Debug|Any CPU.Build.0 = Debug|Any CPU
		{7CB2BBF2-F708-4BF2-A2DC-2FBC4D8A61D5}.Release|Any CPU.ActiveCfg = Release|Any CPU
		{7CB2BBF2-F708-4BF2-A2DC-2FBC4D8A61D5}.Release|Any CPU.Build.0 = Release|Any CPU
		{6FD067E8-882B-433C-9591-87B949F70B02}.Debug|Any CPU.ActiveCfg = Debug|Any CPU
		{6FD067E8-882B-433C-9591-87B949F70B02}.Debug|Any CPU.Build.0 = Debug|Any CPU
		{6FD067E8-882B-433C-9591-87B949F70B02}.Release|Any CPU.ActiveCfg = Release|Any CPU
		{6FD067E8-882B-433C-9591-87B949F70B02}.Release|Any CPU.Build.0 = Release|Any CPU
	EndGlobalSection
	GlobalSection(SolutionProperties) = preSolution
		HideSolutionNode = FALSE
	EndGlobalSection
	GlobalSection(ExtensibilityGlobals) = postSolution
		SolutionGuid = {18356A50-C06F-4090-AE56-6588B2E4A940}
	EndGlobalSection
EndGlobal
